
Microsoft Visual Studio Solution File, Format Version 12.00
# Visual Studio Version 17
VisualStudioVersion = 17.5.33516.290
MinimumVisualStudioVersion = 10.0.40219.1
Project("{9A19103F-16F7-4668-BE54-9A1E7A4F7556}") = "NguyenCoffeeWeb", "NguyenCoffeeWeb\NguyenCoffeeWeb.csproj", "{E59B7B96-86DE-4874-BAD1-AB009A5D4C0C}"
EndProject
Global
	GlobalSection(SolutionConfigurationPlatforms) = preSolution
		Debug|Any CPU = Debug|Any CPU
		Release|Any CPU = Release|Any CPU
	EndGlobalSection
	GlobalSection(ProjectConfigurationPlatforms) = postSolution
		{E59B7B96-86DE-4874-BAD1-AB009A5D4C0C}.Debug|Any CPU.ActiveCfg = Debug|Any CPU
		{E59B7B96-86DE-4874-BAD1-AB009A5D4C0C}.Debug|Any CPU.Build.0 = Debug|Any CPU
		{E59B7B96-86DE-4874-BAD1-AB009A5D4C0C}.Release|Any CPU.ActiveCfg = Release|Any CPU
		{E59B7B96-86DE-4874-BAD1-AB009A5D4C0C}.Release|Any CPU.Build.0 = Release|Any CPU
	EndGlobalSection
	GlobalSection(SolutionProperties) = preSolution
		HideSolutionNode = FALSE
	EndGlobalSection
	GlobalSection(ExtensibilityGlobals) = postSolution
		SolutionGuid = {878FBC0C-FEA5-4E8F-860E-C8D2C433441A}
	EndGlobalSection
EndGlobal
